# THIS IS AN AUTOGENERATED FILE. DO NOT EDIT THIS FILE DIRECTLY.
# yarn lockfile v1


"@ax/apax-build@0.4.1":
  version "0.4.1"
  resolved "https://apax-prod-734703289705.d.codeartifact.eu-central-1.amazonaws.com:443/npm/ax/@ax/apax-build/-/apax-build-0.4.1.tgz#634fd5faf0f1f63dfd731fbf66f031043873dee6"
  integrity sha512-WXA+SNLJpNknHaJt6gaF534flAkAR9HHat7aQg6Pn+ejG/q1a1a99UgLe/1egVSH+O/XOc0tU1N0tfSVfLXf7g==
  dependencies:
    "@ax/third-party-licenses-apax-build" "0.4.1"

"@ax/axunit-library@1.5.3918":
  version "1.5.3918"
  resolved "https://apax-prod-734703289705.d.codeartifact.eu-central-1.amazonaws.com:443/npm/ax/@ax/axunit-library/-/axunit-library-1.5.3918.tgz#8697c33e575e56592aab069df1deac29bc45c5b3"
  integrity sha512-YVXlXvSE8doQ1SbxgJCJijoMEoo2wXYJzv23U1+v8fdkp/Bd+1Ddp4ws7MesCrL8uxd9FqicW3Qh/PPYH5hyQg==

"@ax/axunit-llvm-runner-gen@1.5.3918":
  version "1.5.3918"
  resolved "https://apax-prod-734703289705.d.codeartifact.eu-central-1.amazonaws.com:443/npm/ax/@ax/axunit-llvm-runner-gen/-/axunit-llvm-runner-gen-1.5.3918.tgz#723ff2e6f430a0fa217602eb2e100b29045776e4"
  integrity sha512-On2f2QAne1ZaEJqZbNTc2szHUpt/rmVrFmQTMTONEJyTkVy6lJOB8Ik7nPyR3LIhxrXXuWNgd7tHBOV4uChxwQ==

"@ax/axunit-runner-llvm-linux-x64@1.5.3918":
  version "1.5.3918"
  resolved "https://apax-prod-734703289705.d.codeartifact.eu-central-1.amazonaws.com:443/npm/ax/@ax/axunit-runner-llvm-linux-x64/-/axunit-runner-llvm-linux-x64-1.5.3918.tgz#7853228d850b2d1fef590fae422566e7d9219975"
  integrity sha512-ub35RK2Jc8f66zoBw0QhCM6d3xGtYalPkvkEamaUtaMrg3exdnPmGBe614UZg3DwdIDNAs89Mv81repuXvzK0w==

"@ax/axunit-runner-llvm-win-x64@1.5.3918":
  version "1.5.3918"
  resolved "https://apax-prod-734703289705.d.codeartifact.eu-central-1.amazonaws.com:443/npm/ax/@ax/axunit-runner-llvm-win-x64/-/axunit-runner-llvm-win-x64-1.5.3918.tgz#a628b8e9148de5f2733874661f0b163ddb9200bc"
  integrity sha512-3FYclZqkNAduoiT5yg38k/64QDF4k0Pgxhl4YUuig1xX4zBneWoZhSSr5QvTp7CqHsDjgUvAhF9XTq4bgEx61g==

"@ax/axunit-runner-llvm@1.5.3918":
  version "1.5.3918"
  resolved "https://apax-prod-734703289705.d.codeartifact.eu-central-1.amazonaws.com:443/npm/ax/@ax/axunit-runner-llvm/-/axunit-runner-llvm-1.5.3918.tgz#9f88de62f3108992cb827f60e5adeb197a71e51b"
  integrity sha512-vU0L/Z4JXagzF2MkC++3xDJBVCuqEAajmBbqLFl/dMTL9tIXh5g1McKwoUYFBlFsmyF2EnO9ieyZji2wgBmWpA==
  optionalDependencies:
    "@ax/axunit-runner-llvm-linux-x64" "1.5.3918"
    "@ax/axunit-runner-llvm-win-x64" "1.5.3918"

"@ax/axunit-runner-mc7plus-win-x64@1.5.3918":
  version "1.5.3918"
  resolved "https://apax-prod-734703289705.d.codeartifact.eu-central-1.amazonaws.com:443/npm/ax/@ax/axunit-runner-mc7plus-win-x64/-/axunit-runner-mc7plus-win-x64-1.5.3918.tgz#b313173e17a7c7e8e79510e912e1cfc9db375ee8"
  integrity sha512-DzzRhLwF7BQ27QxURq8NRiFGZymqtqRljBtOlzNw7JDMYu5GYsaFh6WDiG1JlNCzJsSZAH8l0DLXG6Nd5mpuhQ==

"@ax/axunit-runner-mc7plus@1.5.3918":
  version "1.5.3918"
  resolved "https://apax-prod-734703289705.d.codeartifact.eu-central-1.amazonaws.com:443/npm/ax/@ax/axunit-runner-mc7plus/-/axunit-runner-mc7plus-1.5.3918.tgz#6b893fa472970d6b15ce67d76c0a59bf9d995a62"
  integrity sha512-lFHYovF50vnPlEZbrAAzPU9mMpcTAzNjw8qO0BiHFRj1Zm/wdOyoGh+v8L5pU/gplb1UByKEKKxnz9GAwN69+A==
  optionalDependencies:
    "@ax/axunit-runner-mc7plus-win-x64" "1.5.3918"

"@ax/axunit@1.5.3918":
  version "1.5.3918"
  resolved "https://apax-prod-734703289705.d.codeartifact.eu-central-1.amazonaws.com:443/npm/ax/@ax/axunit/-/axunit-1.5.3918.tgz#4f01808abdaa0f5a168bb654f9044ada5a4d4014"
  integrity sha512-K8I5RWK8TpslAomDjrBVyD97cfqURywfaF8Xz/eKI8ReVpCUK5ChFbdDRtlvE0Gin9UuqmkApgmJIAKFEWIBGw==
  dependencies:
    "@ax/axunit-library" "1.5.3918"
    "@ax/axunit-llvm-runner-gen" "1.5.3918"
    "@ax/axunit-runner-llvm" "1.5.3918"
    "@ax/axunit-runner-mc7plus" "1.5.3918"
    "@ax/build-native" "10.0.501"
    "@ax/target-axunit" "1.5.3918"

"@ax/build-native-linux@10.0.501":
  version "10.0.501"
  resolved "https://apax-prod-734703289705.d.codeartifact.eu-central-1.amazonaws.com:443/npm/ax/@ax/build-native-linux/-/build-native-linux-10.0.501.tgz#2cfc0c4fee1f7cd938aec488080357b156e19433"
  integrity sha512-Zw4o/5P5KE3zs3EsnovSXr7C5ROG2NBUr/xdG9+LEqp/a2hJVngCge/VsvBFiMOT8KtdRXIOVaIQp00KR9COsA==
  dependencies:
    "@ax/third-party-licenses-build-native" "10.0.501"

"@ax/build-native-winx64@10.0.501":
  version "10.0.501"
  resolved "https://apax-prod-734703289705.d.codeartifact.eu-central-1.amazonaws.com:443/npm/ax/@ax/build-native-winx64/-/build-native-winx64-10.0.501.tgz#3ce8c3159ebfdf0d0c727a5b833c6cae5ae05982"
  integrity sha512-+3VZ61qf4Hn8JQVaArrBDUrxkfo5oxdAbimmZj39H8Dhe5HNya/DF+CLzDSRkvGwoo3dK/3B20//CZApX8na7A==
  dependencies:
    "@ax/third-party-licenses-build-native" "10.0.501"

"@ax/build-native@10.0.501":
  version "10.0.501"
  resolved "https://apax-prod-734703289705.d.codeartifact.eu-central-1.amazonaws.com:443/npm/ax/@ax/build-native/-/build-native-10.0.501.tgz#90e58e732b8db71dd685eb0321e27bac4c9475ad"
  integrity sha512-1iru76VA/TGwxJfqRVUbm1XMDfvgCofAxAcL1PkjPg1oVoMbrSbFaqTqCn0E1GvujnKtpBlViZaYgFNRvUZF5w==
  dependencies:
    "@ax/third-party-licenses-build-native" "10.0.501"
  optionalDependencies:
    "@ax/build-native-linux" "10.0.501"
    "@ax/build-native-winx64" "10.0.501"

"@ax/diag-linux-x64@0.14.3":
  version "0.14.3"
  resolved "https://apax-prod-734703289705.d.codeartifact.eu-central-1.amazonaws.com:443/npm/ax/@ax/diag-linux-x64/-/diag-linux-x64-0.14.3.tgz#993bd3fdb8a73000f4d0982407d8954ec068594e"
  integrity sha512-gsoDAaOKa/VlkQ0VaOFT8OSJtK/YsdSq6V/eyiIZe99fjVDXGR0gBNh/vLLPPU7fdqs+ET1+W/jxvr3yJe72FQ==
  dependencies:
    "@ax/third-party-licenses-monitor" "0.14.3"

"@ax/diag-win-x64@0.14.3":
  version "0.14.3"
  resolved "https://apax-prod-734703289705.d.codeartifact.eu-central-1.amazonaws.com:443/npm/ax/@ax/diag-win-x64/-/diag-win-x64-0.14.3.tgz#72befce8a7c59abfe7c557868dfc2b032f388b5e"
  integrity sha512-TBr55IMxyBspJJKFZ7NtZJwb1dkiQOgKe9+BGw7cPCWiDVp9BfjQ+raoOg4ZEMRICBlntKT/Y+r0qyGJD0S4mg==
  dependencies:
    "@ax/third-party-licenses-monitor" "0.14.3"

"@ax/diag@0.14.3":
  version "0.14.3"
  resolved "https://apax-prod-734703289705.d.codeartifact.eu-central-1.amazonaws.com:443/npm/ax/@ax/diag/-/diag-0.14.3.tgz#f29c587d5399ab5bb293833fb5b90e430e99d705"
  integrity sha512-y6uBWeSbAf90ZEPW4ogAbM2I+ja8y08CHz4S1DaleNqp9TuC5RKx9sgZWJkkGX3VI3VGm0E56BN3FXSIKLEE6w==
  dependencies:
    "@ax/third-party-licenses-monitor" "0.14.3"
  optionalDependencies:
    "@ax/diag-linux-x64" "0.14.3"
    "@ax/diag-win-x64" "0.14.3"

"@ax/mod-linux-x64@0.14.3":
  version "0.14.3"
  resolved "https://apax-prod-734703289705.d.codeartifact.eu-central-1.amazonaws.com:443/npm/ax/@ax/mod-linux-x64/-/mod-linux-x64-0.14.3.tgz#390f1c108d6160aa523de9d3a60172de9dd17d7a"
  integrity sha512-29+xvgrQ/g/iwagBzBO9ZK0KsaslJvExWg2p0sbHUuT8u6vsfP9Et2QCN55Fi66IrFFfFPUeiGkEzEoYsCQkgQ==
  dependencies:
    "@ax/third-party-licenses-monitor" "0.14.3"

"@ax/mod-win-x64@0.14.3":
  version "0.14.3"
  resolved "https://apax-prod-734703289705.d.codeartifact.eu-central-1.amazonaws.com:443/npm/ax/@ax/mod-win-x64/-/mod-win-x64-0.14.3.tgz#0f6b196aae440336c92abb388b9bb55d71aec0d9"
  integrity sha512-7v04fU4M535VDIHIWIBGHs8eqmCGUSpaVPUJNSFOVxHhFXthxA0ljXS/gxwp6E/+zw883xQzxX8FpNjC1OhX0A==
  dependencies:
    "@ax/third-party-licenses-monitor" "0.14.3"

"@ax/mod@0.14.3":
  version "0.14.3"
  resolved "https://apax-prod-734703289705.d.codeartifact.eu-central-1.amazonaws.com:443/npm/ax/@ax/mod/-/mod-0.14.3.tgz#376ed86c0b4549c73b00c754b58b8965b15eff82"
  integrity sha512-GqSKiRz0zY2KOAifxh2XNPPDT2Pf/KjrY9kooEQiYtVyr87k5XLa8GRp+nlC2F6DG9kAdL5wo20TAOUdwKs75g==
  dependencies:
    "@ax/third-party-licenses-monitor" "0.14.3"
  optionalDependencies:
    "@ax/mod-linux-x64" "0.14.3"
    "@ax/mod-win-x64" "0.14.3"

"@ax/mon-linux-x64@0.14.3":
  version "0.14.3"
  resolved "https://apax-prod-734703289705.d.codeartifact.eu-central-1.amazonaws.com:443/npm/ax/@ax/mon-linux-x64/-/mon-linux-x64-0.14.3.tgz#3f753715de9ffcf33af2a018f90dd57a2c1256d6"
  integrity sha512-8MnDZdRCHxjhZBu3PVNhp4TM0uJ7C/C6CvRNw7qUzl1OFKsaYEVMbRcD+Dbian/5fOwPthbEEENIYSYNN/4DPQ==
  dependencies:
    "@ax/third-party-licenses-monitor" "0.14.3"

"@ax/mon-win-x64@0.14.3":
  version "0.14.3"
  resolved "https://apax-prod-734703289705.d.codeartifact.eu-central-1.amazonaws.com:443/npm/ax/@ax/mon-win-x64/-/mon-win-x64-0.14.3.tgz#4761aefe480cc2dd75ab34b93c6f523b6df72aff"
  integrity sha512-esWjHjL3FBA1oMbRPrlKOh/2iSHDEwu746jxh7qazVfA0nd0bFfB+8yN//c8vq7+O1qLW2wKzni6m6oyWMAlDA==
  dependencies:
    "@ax/third-party-licenses-monitor" "0.14.3"

"@ax/mon@0.14.3":
  version "0.14.3"
  resolved "https://apax-prod-734703289705.d.codeartifact.eu-central-1.amazonaws.com:443/npm/ax/@ax/mon/-/mon-0.14.3.tgz#b6ea364a06027693df07e0b6c9d9d9e7bb8a6061"
  integrity sha512-lwZYr7RltJy4GyB6cZbemOMprQ1MojImmPBuoCx0e5XC5qwvaOM92wHX+DwvVy0t46+Nx8q4jFHhzjYvmlXJaw==
  dependencies:
    "@ax/third-party-licenses-monitor" "0.14.3"
  optionalDependencies:
    "@ax/mon-linux-x64" "0.14.3"
    "@ax/mon-win-x64" "0.14.3"

"@ax/sdb-linux-x64@0.14.3":
  version "0.14.3"
  resolved "https://apax-prod-734703289705.d.codeartifact.eu-central-1.amazonaws.com:443/npm/ax/@ax/sdb-linux-x64/-/sdb-linux-x64-0.14.3.tgz#107a577a1a91306b62f6b11becadbadbbe6c8f98"
  integrity sha512-YAkdet+lbK+s0/G6F+b9pQuBfm5awTpao3iJ8TmfBVFiLSPf64Nrju2n4oCZdc6aRnq0+v7DwUn2s4/z3BczyQ==
  dependencies:
    "@ax/third-party-licenses-monitor" "0.14.3"

"@ax/sdb-win-x64@0.14.3":
  version "0.14.3"
  resolved "https://apax-prod-734703289705.d.codeartifact.eu-central-1.amazonaws.com:443/npm/ax/@ax/sdb-win-x64/-/sdb-win-x64-0.14.3.tgz#13205bc0083bc8d9f190576c9ce5400e37599962"
  integrity sha512-JZuFtdmPzmu1xoxC7WcsbK+d87H8STObO/+j4xUhfP6WcyzBGytYe2RccudMUun87vF4A8YUGxSmLKRgCRlzWA==
  dependencies:
    "@ax/third-party-licenses-monitor" "0.14.3"

"@ax/sdb@0.14.3":
  version "0.14.3"
  resolved "https://apax-prod-734703289705.d.codeartifact.eu-central-1.amazonaws.com:443/npm/ax/@ax/sdb/-/sdb-0.14.3.tgz#20ed74d791d63687a4be2866180ebe6703e3739b"
  integrity sha512-tu3Q9je+bSz+jFVfzj1yG6366p1PIwDab0cFWYu655c/D9INgN+Dg0kMxpfvzyPnAo3ezBib/hbFAWR6A/rI5g==
  dependencies:
    "@ax/third-party-licenses-monitor" "0.14.3"
  optionalDependencies:
    "@ax/sdb-linux-x64" "0.14.3"
    "@ax/sdb-win-x64" "0.14.3"

"@ax/sdk@0.2.449":
  version "0.2.449"
  resolved "https://apax-prod-734703289705.d.codeartifact.eu-central-1.amazonaws.com:443/npm/ax/@ax/sdk/-/sdk-0.2.449.tgz#23d02b4cef330e7446193f4c2181aa3a9f6283f6"
  integrity sha512-RKptubw7yxmWqs9BFS6QDjJyKBqvtcfUmDDWFcPoCh/Lqh+TngOU4zCqxqrgKrO/bxMHFLslslxHspesLvvjUA==
  dependencies:
    "@ax/axunit" "1.5.3918"
    "@ax/diag" "0.14.3"
    "@ax/st" "0.2.449"
    "@ax/target-llvm" "1.25.42"
    "@ax/target-mc7plus" "1.25.42"
  optionalDependencies:
    "@ax/mod" "0.14.3"
    "@ax/mon" "0.14.3"
    "@ax/sdb" "0.14.3"
    "@ax/sld" "0.8.3280"

"@ax/sld-linux-x64@0.8.3280":
  version "0.8.3280"
  resolved "https://apax-prod-734703289705.d.codeartifact.eu-central-1.amazonaws.com:443/npm/ax/@ax/sld-linux-x64/-/sld-linux-x64-0.8.3280.tgz#0c2d27deebb1e2cd8187ac654aae4ae6ebf18e0a"
  integrity sha512-j9U6jCJUVCTPvi9E+2Byy230E+SwXSIIXNr38VzZkvCkbUZ2F7Yov/+j+KipQyWMilRq1DhqrNQ2BcwrAlY4Jg==
  dependencies:
    "@ax/third-party-licenses-plc-loader" "0.8.3280"

"@ax/sld-win-x64@0.8.3280":
  version "0.8.3280"
  resolved "https://apax-prod-734703289705.d.codeartifact.eu-central-1.amazonaws.com:443/npm/ax/@ax/sld-win-x64/-/sld-win-x64-0.8.3280.tgz#2d87705ca17ee79b2175d819134064195343032b"
  integrity sha512-kZF0+rDTvVEfFw9a0wN0pocs2U18VbsNRQy3NdMvxARdSo0iWnmpha+L+to55SIXnXiW2BPYdY1nRWCSYR+70A==
  dependencies:
    "@ax/third-party-licenses-plc-loader" "0.8.3280"

"@ax/sld@0.8.3280":
  version "0.8.3280"
  resolved "https://apax-prod-734703289705.d.codeartifact.eu-central-1.amazonaws.com:443/npm/ax/@ax/sld/-/sld-0.8.3280.tgz#2b1ed720d20fe3cabd0f3b3da44f20dd44dbedd4"
  integrity sha512-LXKSpCyDXz1RnDvT7E6AwAU+xyK0POrRGj/sk+0WgF8Khzd+c3XdoowmLbnsGczpAoK2nZH+eF8o0FdpVqyqcw==
  dependencies:
    "@ax/third-party-licenses-plc-loader" "0.8.3280"
  optionalDependencies:
    "@ax/sld-linux-x64" "0.8.3280"
    "@ax/sld-win-x64" "0.8.3280"

"@ax/st-docs@1.25.42":
  version "1.25.42"
  resolved "https://apax-prod-734703289705.d.codeartifact.eu-central-1.amazonaws.com:443/npm/ax/@ax/st-docs/-/st-docs-1.25.42.tgz#6714fd21ce953635bb670aa0454234d301a1f10c"
  integrity sha512-rG+WyF22mhvXt9ef1vt+Src1MiZzKKGIQgjqpuXo7Xx8kpD3R3BFkFPvedmXqFmc0b3qqjIYG444ouoG2kObVA==
  dependencies:
    "@ax/third-party-licenses-st-compiler" "1.25.42"

"@ax/st@0.2.449":
  version "0.2.449"
  resolved "https://apax-prod-734703289705.d.codeartifact.eu-central-1.amazonaws.com:443/npm/ax/@ax/st/-/st-0.2.449.tgz#d3f7aabcf0314da51d2364ef776226745ddf1dd2"
  integrity sha512-zlTlbde/YsgYy4P1O/uF9tdd4OJWcWeVpjup3UJaYoL2UlnSkPjPTsuBQ9ww44Ho6GDDkCUaI8rl6WUEl+2XDA==
  dependencies:
    "@ax/apax-build" "0.4.1"
    "@ax/stc" "1.25.42"

"@ax/stc-linux-x64@1.25.42":
  version "1.25.42"
  resolved "https://apax-prod-734703289705.d.codeartifact.eu-central-1.amazonaws.com:443/npm/ax/@ax/stc-linux-x64/-/stc-linux-x64-1.25.42.tgz#4a2a9caea1f1ed1d7570b146cdbaabd8d8511791"
  integrity sha512-0sbfuf4MzXRwUfUBs45D6BxF7vBgIq4RwqMXsxsZHkWF3ig1+wA+ToRb0a48BSSws8yTHSawqsOQVWd1pcnDPw==
  dependencies:
    "@ax/st-docs" "1.25.42"
    "@ax/third-party-licenses-st-compiler" "1.25.42"

"@ax/stc-win-x64@1.25.42":
  version "1.25.42"
  resolved "https://apax-prod-734703289705.d.codeartifact.eu-central-1.amazonaws.com:443/npm/ax/@ax/stc-win-x64/-/stc-win-x64-1.25.42.tgz#0ef7b149bbef5676d05abbc6af3d2a981dadeb5b"
  integrity sha512-cJIkvNx8FEtWteWZD5FUv8ZzL4GbMBilnIYPEDioRMVBIEN2UVXxfa8FUcEMZCkedEiSCEYYZ1quR+XNcEfq5Q==
  dependencies:
    "@ax/st-docs" "1.25.42"
    "@ax/third-party-licenses-st-compiler" "1.25.42"

"@ax/stc@1.25.42":
  version "1.25.42"
  resolved "https://apax-prod-734703289705.d.codeartifact.eu-central-1.amazonaws.com:443/npm/ax/@ax/stc/-/stc-1.25.42.tgz#bb7c4ee5c3f09e306567d69103139127f22cb65f"
  integrity sha512-/WiqF4w8Z2W4qRyxgRMeQj3awqoDommA8ZY/SMnNbJR9RDnuTDYG7Lbm3n9LtrQwYIsnsOLiCyRGcXKKYgo0Lw==
  dependencies:
    "@ax/third-party-licenses-st-compiler" "1.25.42"
  optionalDependencies:
    "@ax/stc-linux-x64" "1.25.42"
    "@ax/stc-win-x64" "1.25.42"

"@ax/system-timer@0.4.2":
  version "0.4.2"
  resolved "https://apax-prod-734703289705.d.codeartifact.eu-central-1.amazonaws.com:443/npm/ax/@ax/system-timer/-/system-timer-0.4.2.tgz#8851791bfa4d529a8a16f094899a1927ced68302"
  integrity sha512-7oMlBiJH0vQR3nxbvuRJkFFhWzo/eFvl1qB93gKOKMe4g2r0PDlqBAxynS8ASKSvb6W3LbHINH8Cjep93k9KSA==

"@ax/target-axunit@1.5.3918":
  version "1.5.3918"
  resolved "https://apax-prod-734703289705.d.codeartifact.eu-central-1.amazonaws.com:443/npm/ax/@ax/target-axunit/-/target-axunit-1.5.3918.tgz#0a3f23a02c44789546f9b7267aba15f4f11e2275"
  integrity sha512-X39kDV6oNOhvTMnImt43YhBEMpHUlPb0izIBCmRthrr5cgbyK44Qrq+ef/HJTGWeFylmvNWwUgFJpr0L7OY91w==

"@ax/target-llvm-linux-x64@1.25.42":
  version "1.25.42"
  resolved "https://apax-prod-734703289705.d.codeartifact.eu-central-1.amazonaws.com:443/npm/ax/@ax/target-llvm-linux-x64/-/target-llvm-linux-x64-1.25.42.tgz#e7ffdc2ad5ea5db5ab1c37dc961bd8a6236d787c"
  integrity sha512-8osjrmR7bIvElDGdFeE33RelqjLfxrkGsWn2i1Tg9wRDG1N2jdrmX517GN/Eem59y1CZWoeaconUuz3CFfCuiA==
  dependencies:
    "@ax/third-party-licenses-st-compiler" "1.25.42"

"@ax/target-llvm-win-x64@1.25.42":
  version "1.25.42"
  resolved "https://apax-prod-734703289705.d.codeartifact.eu-central-1.amazonaws.com:443/npm/ax/@ax/target-llvm-win-x64/-/target-llvm-win-x64-1.25.42.tgz#a0e45c6c10bf6c3bb310c21da66b4d3a68ea3ac9"
  integrity sha512-tuf6eIhZa74bsIKKhEGiyzJ3da4Uiit0UEgJVv2E+8v1o0sjwLoAQf3uBCkC75jNwSBQsgaT1z4BQBVmnjszTg==
  dependencies:
    "@ax/third-party-licenses-st-compiler" "1.25.42"

"@ax/target-llvm@1.25.42":
  version "1.25.42"
  resolved "https://apax-prod-734703289705.d.codeartifact.eu-central-1.amazonaws.com:443/npm/ax/@ax/target-llvm/-/target-llvm-1.25.42.tgz#c4f8615c53742d1e3ba41dd658e55e0464e0cd30"
  integrity sha512-uqo2K2EtOrjyFdnEkv+KLFQrWp/IsuUi2T58ZR2uDDUUh2YZSQcQBF32MS8KsKK8S71nqbvWp+7kFyW006DhLw==
  dependencies:
    "@ax/third-party-licenses-st-compiler" "1.25.42"
  optionalDependencies:
    "@ax/target-llvm-linux-x64" "1.25.42"
    "@ax/target-llvm-win-x64" "1.25.42"

"@ax/target-mc7plus-linux-x64@1.25.42":
  version "1.25.42"
  resolved "https://apax-prod-734703289705.d.codeartifact.eu-central-1.amazonaws.com:443/npm/ax/@ax/target-mc7plus-linux-x64/-/target-mc7plus-linux-x64-1.25.42.tgz#e6a311badbde2e6af84031ca516a0a08f4f4ef27"
  integrity sha512-4hFDmG8X4yyVJwDTpOXhyAdVAOC1seRLGD9xn0k+m1m3AI3ku5BHxbQ9ogmL31fmzjhbyxbWPDC+gaWH9q2RZw==
  dependencies:
    "@ax/third-party-licenses-st-compiler" "1.25.42"

"@ax/target-mc7plus-win-x64@1.25.42":
  version "1.25.42"
  resolved "https://apax-prod-734703289705.d.codeartifact.eu-central-1.amazonaws.com:443/npm/ax/@ax/target-mc7plus-win-x64/-/target-mc7plus-win-x64-1.25.42.tgz#0a33bd997cf97a3bd89c88d825f0e7fabaeff0de"
  integrity sha512-WlNUhs8HW6qNrnzfxWMzGlcJ7/7iH1TESzgH1emm7UTVc4l9RSrbM69Yh0SRDkX4K3wzBedRHSphLhnTfYRaDA==
  dependencies:
    "@ax/third-party-licenses-st-compiler" "1.25.42"

"@ax/target-mc7plus@1.25.42":
  version "1.25.42"
  resolved "https://apax-prod-734703289705.d.codeartifact.eu-central-1.amazonaws.com:443/npm/ax/@ax/target-mc7plus/-/target-mc7plus-1.25.42.tgz#625651a8ff2c92a1b2fd76e9b4d5586e5418af59"
  integrity sha512-Bg5aHyWDeQLLyALLEl1MkfxKhR73ExlmybBf8VYaUbA00z/gC9Ir3fZjkMGYXRcIfZviCoiSkDt6Sfgr0x3fWA==
  dependencies:
    "@ax/third-party-licenses-st-compiler" "1.25.42"
  optionalDependencies:
    "@ax/target-mc7plus-linux-x64" "1.25.42"
    "@ax/target-mc7plus-win-x64" "1.25.42"

"@ax/third-party-licenses-apax-build@0.4.1":
  version "0.4.1"
  resolved "https://apax-prod-734703289705.d.codeartifact.eu-central-1.amazonaws.com:443/npm/ax/@ax/third-party-licenses-apax-build/-/third-party-licenses-apax-build-0.4.1.tgz#50a21469262f3fd90da6e3b9af9b44bdaea785ec"
  integrity sha512-/YgYAtdgvpRdwAKfRBcn+/ghDSEkUy6apvVqAbz0BiGseq1L5EhRbe0E2O6aoylo4gykGv0ZvzztJw+sf4Ch7Q==

"@ax/third-party-licenses-build-native@10.0.501":
  version "10.0.501"
  resolved "https://apax-prod-734703289705.d.codeartifact.eu-central-1.amazonaws.com:443/npm/ax/@ax/third-party-licenses-build-native/-/third-party-licenses-build-native-10.0.501.tgz#32574732ff16694aa54ece5f543712bd9b6e05f0"
  integrity sha512-+3jSBG7VnaarKBmu61sWfi3PJE1lZOFKD4WnP5oLQIjZLbsDhA8zeW8okYaBGtvah+pZL+qK+xkPfRdP3AJQSg==

"@ax/third-party-licenses-monitor@0.14.3":
  version "0.14.3"
  resolved "https://apax-prod-734703289705.d.codeartifact.eu-central-1.amazonaws.com:443/npm/ax/@ax/third-party-licenses-monitor/-/third-party-licenses-monitor-0.14.3.tgz#cd025d1f7c455099f02382552e268ea316cca182"
  integrity sha512-1ZmHNMYLbAb21lgFWAtoFdwz3d+ZB2FoJLzXicJO5IKiw8Z0ud6i7D3MQzWGdqMdt574W6Lls+/Ee9n6kjWkVA==

"@ax/third-party-licenses-plc-loader@0.8.3280":
  version "0.8.3280"
  resolved "https://apax-prod-734703289705.d.codeartifact.eu-central-1.amazonaws.com:443/npm/ax/@ax/third-party-licenses-plc-loader/-/third-party-licenses-plc-loader-0.8.3280.tgz#7e10a86231dc560a2cbb06b084269b1d7525ea6a"
  integrity sha512-j3ojDM6gfgB56M/ZlmsOxlSSX+tHea9PTDzycSu8LEmVlFK6QdvNzRVhC6r6jRP7vAvjp4+thTOImXgN23wDnw==

"@ax/third-party-licenses-st-compiler@1.25.42":
  version "1.25.42"
  resolved "https://apax-prod-734703289705.d.codeartifact.eu-central-1.amazonaws.com:443/npm/ax/@ax/third-party-licenses-st-compiler/-/third-party-licenses-st-compiler-1.25.42.tgz#a78ce717cdd82ee626d296a3b357699422684798"
  integrity sha512-ek9/tVzGtSMbnUCXw3s5o07eA61bd0H8k366mPV+lxgRitzXy59LHf2FCSNRT2P++LabLYkfuVu2z43malyf3g==

"@simatic-ax/collections@0.0.1":
  version "0.0.1"
  resolved "https://npm.pkg.github.com/download/@simatic-ax/collections/0.0.1/4e6f9a375dc7af526981f4740b21535556b5e968fd92a3d46f2704751b696710#7efd9f463736e7204463f0ac8f3ce2d6d511a250"
  integrity sha512-fdO9QHW7Nnlrk8X5RoQNDtfFPog+Qh740tcH2hyzVZgOZrxfRh9dnElaOk6DLxI5fNzJlDkjA8PrSkv3L76pYw==

"@simatic-ax/io@0.0.2":
  version "0.0.2"
  resolved "https://npm.pkg.github.com/download/@simatic-ax/io/0.0.2/226ab6410807759b8859d330d9e568356af785500ecbe38d5fc5137da7b01662#90279d2651a7d119428a5c750bb308058a5510cb"
  integrity sha512-LNQGOAUdiHop9NFmWtOx3Gia2AAHksNoOtZyiTLJV0nSrgOXFUO0EJufx70skovstIHUiZCjfu4I/W0AvBOc9g==
  dependencies:
    "@ax/system-timer" "0.4.2"
    "@simatic-ax/mocks" "0.0.1"

"@simatic-ax/mocks@0.0.1":
  version "0.0.1"
  resolved "https://npm.pkg.github.com/download/@simatic-ax/mocks/0.0.1/c24d2360e4a4fa86fa2cc5fd3e60e2f7bbaf0ddb6409f5eeb0c56b838a21bba6#aa10cf328415c1d63b80855d8014d64636a5bbee"
  integrity sha512-iLWX9Y/bte+kh2q++33qNPsQ0c6F13lQgBrmqDHuHyYAwEAUfQWCB87VBwQLPhMvOQhMyf2hSa+qOlTs5yQqYg==
