# THIS IS AN AUTOGENERATED FILE. DO NOT EDIT THIS FILE DIRECTLY.
# yarn lockfile v1


"@ax/apax-build@0.4.1":
  version "0.4.1"
  resolved "https://apax-prod-734703289705.d.codeartifact.eu-central-1.amazonaws.com:443/npm/ax/@ax/apax-build/-/apax-build-0.4.1.tgz#634fd5faf0f1f63dfd731fbf66f031043873dee6"
  integrity sha512-WXA+SNLJpNknHaJt6gaF534flAkAR9HHat7aQg6Pn+ejG/q1a1a99UgLe/1egVSH+O/XOc0tU1N0tfSVfLXf7g==
  dependencies:
    "@ax/third-party-licenses-apax-build" "0.4.1"

"@ax/axunit-docs@1.5.4151":
  version "1.5.4151"
  resolved "https://apax-prod-734703289705.d.codeartifact.eu-central-1.amazonaws.com:443/npm/ax/@ax/axunit-docs/-/axunit-docs-1.5.4151.tgz#9ef28c114b8acb0eb3ed93308ff4cc747b85fbb7"
  integrity sha512-GpdA/NHokm8i8Qzo4VkXzVhY/8elaBFIu4haDxmJfff8uj2YoLthiCw9mPiygbcNhuXXz5sjeHl+KnPwE5ZYvw==

"@ax/axunit-library@1.5.4151":
  version "1.5.4151"
  resolved "https://apax-prod-734703289705.d.codeartifact.eu-central-1.amazonaws.com:443/npm/ax/@ax/axunit-library/-/axunit-library-1.5.4151.tgz#8fc8cefc3892325b49ea2ec7d46443d9043a54cd"
  integrity sha512-RN/F2Ckcet9hHo/05lcRQffUIXC1SwmGz0qNosNH7Szjne4QNUQRU8sYvBse0a8annjx1hOrJks7vwbVDrhHOA==

"@ax/axunit-llvm-runner-gen@1.5.4151":
  version "1.5.4151"
  resolved "https://apax-prod-734703289705.d.codeartifact.eu-central-1.amazonaws.com:443/npm/ax/@ax/axunit-llvm-runner-gen/-/axunit-llvm-runner-gen-1.5.4151.tgz#31628cb1db18189d0d873082453a0a0aa206c206"
  integrity sha512-M1ePkhR7kfuq5CJWZ8aOoitz644Gunf2CAqUN7KRQmLSCJFg371JJ6LpoJRLbz3NCpZux4q7/PDWNx+TucLQHA==

"@ax/axunit-runner-llvm-linux-x64@1.5.4151":
  version "1.5.4151"
  resolved "https://apax-prod-734703289705.d.codeartifact.eu-central-1.amazonaws.com:443/npm/ax/@ax/axunit-runner-llvm-linux-x64/-/axunit-runner-llvm-linux-x64-1.5.4151.tgz#3c8184e20a77e431b7d17df453b3bed812bed5f6"
  integrity sha512-QLie18/fdFbZDDLn4b7Gkpk3/rRSZtJWSSojN1QDsbG74C/lGUOvzncch7C9Z9pHykb+eWCj0XwIHqsKu46Eqw==

"@ax/axunit-runner-llvm-win-x64@1.5.4151":
  version "1.5.4151"
  resolved "https://apax-prod-734703289705.d.codeartifact.eu-central-1.amazonaws.com:443/npm/ax/@ax/axunit-runner-llvm-win-x64/-/axunit-runner-llvm-win-x64-1.5.4151.tgz#d51d376bc7bb6522d2b6da50c9812a3144357644"
  integrity sha512-VVA7m2jFVGv7yaGG7KobPl7sJHBvst5kx1htzYkvOn5nCjGMNTtxqmleejr9ph5I7nYR35x44OG6N96n4UIbuA==

"@ax/axunit-runner-llvm@1.5.4151":
  version "1.5.4151"
  resolved "https://apax-prod-734703289705.d.codeartifact.eu-central-1.amazonaws.com:443/npm/ax/@ax/axunit-runner-llvm/-/axunit-runner-llvm-1.5.4151.tgz#85e2e88ac8cd57391bc9404042a375ed45117e69"
  integrity sha512-0R/aVr4NrZ1LzT/qpgGOtuMOIuAcfMoBGsH0n3gfS2bP9W3e9piNM7pcz1ES9AQo4Q/Xd9wEEvjv5xWHGU1/nw==
  optionalDependencies:
    "@ax/axunit-runner-llvm-linux-x64" "1.5.4151"
    "@ax/axunit-runner-llvm-win-x64" "1.5.4151"

"@ax/axunit-runner-mc7plus-win-x64@1.5.4151":
  version "1.5.4151"
  resolved "https://apax-prod-734703289705.d.codeartifact.eu-central-1.amazonaws.com:443/npm/ax/@ax/axunit-runner-mc7plus-win-x64/-/axunit-runner-mc7plus-win-x64-1.5.4151.tgz#76fd58cb112a66a3df44f7f4cfb12153eb77dfa8"
  integrity sha512-d2CXaQxIR4cQHpazRWyY3FV4NKId6pDMaRM2GRDOO2G8NaIuVpIJTOehsUYpQY4PzywsOELjdIkkDAuI6PjbXQ==

"@ax/axunit-runner-mc7plus@1.5.4151":
  version "1.5.4151"
  resolved "https://apax-prod-734703289705.d.codeartifact.eu-central-1.amazonaws.com:443/npm/ax/@ax/axunit-runner-mc7plus/-/axunit-runner-mc7plus-1.5.4151.tgz#cdc0b1d9a5c6076a9df7d1ffea4d1a0648d0b40f"
  integrity sha512-oT8QLUSZRZ9uqIPs4JRHl7eOY+bvkCXqWVlpEBRAR4bykpR2tCNK9mst7ZO71qgPtNy+5TmKnhS6SKI4mpNL+A==
  optionalDependencies:
    "@ax/axunit-runner-mc7plus-win-x64" "1.5.4151"

"@ax/axunit@1.5.4151":
  version "1.5.4151"
  resolved "https://apax-prod-734703289705.d.codeartifact.eu-central-1.amazonaws.com:443/npm/ax/@ax/axunit/-/axunit-1.5.4151.tgz#147fdee44cb78a4f5fac5d0ab2d64c9f7dd3b590"
  integrity sha512-1IADp0SHE+JmHICw++GyfQAuxTJ4i0lYwOL5dPKkuFzsMQXMoOig3x1r8zFbGu3fpCPdSmom1WgtLivbayvqAA==
  dependencies:
    "@ax/axunit-docs" "1.5.4151"
    "@ax/axunit-library" "1.5.4151"
    "@ax/axunit-llvm-runner-gen" "1.5.4151"
    "@ax/axunit-runner-llvm" "1.5.4151"
    "@ax/axunit-runner-mc7plus" "1.5.4151"
    "@ax/build-native" "10.0.501"
    "@ax/target-axunit" "1.5.4151"

"@ax/build-native-linux@10.0.501":
  version "10.0.501"
  resolved "https://apax-prod-734703289705.d.codeartifact.eu-central-1.amazonaws.com:443/npm/ax/@ax/build-native-linux/-/build-native-linux-10.0.501.tgz#2cfc0c4fee1f7cd938aec488080357b156e19433"
  integrity sha512-Zw4o/5P5KE3zs3EsnovSXr7C5ROG2NBUr/xdG9+LEqp/a2hJVngCge/VsvBFiMOT8KtdRXIOVaIQp00KR9COsA==
  dependencies:
    "@ax/third-party-licenses-build-native" "10.0.501"

"@ax/build-native-winx64@10.0.501":
  version "10.0.501"
  resolved "https://apax-prod-734703289705.d.codeartifact.eu-central-1.amazonaws.com:443/npm/ax/@ax/build-native-winx64/-/build-native-winx64-10.0.501.tgz#3ce8c3159ebfdf0d0c727a5b833c6cae5ae05982"
  integrity sha512-+3VZ61qf4Hn8JQVaArrBDUrxkfo5oxdAbimmZj39H8Dhe5HNya/DF+CLzDSRkvGwoo3dK/3B20//CZApX8na7A==
  dependencies:
    "@ax/third-party-licenses-build-native" "10.0.501"

"@ax/build-native@10.0.501":
  version "10.0.501"
  resolved "https://apax-prod-734703289705.d.codeartifact.eu-central-1.amazonaws.com:443/npm/ax/@ax/build-native/-/build-native-10.0.501.tgz#90e58e732b8db71dd685eb0321e27bac4c9475ad"
  integrity sha512-1iru76VA/TGwxJfqRVUbm1XMDfvgCofAxAcL1PkjPg1oVoMbrSbFaqTqCn0E1GvujnKtpBlViZaYgFNRvUZF5w==
  dependencies:
    "@ax/third-party-licenses-build-native" "10.0.501"
  optionalDependencies:
    "@ax/build-native-linux" "10.0.501"
    "@ax/build-native-winx64" "10.0.501"

"@ax/diag-linux-x64@0.14.3":
  version "0.14.3"
  resolved "https://apax-prod-734703289705.d.codeartifact.eu-central-1.amazonaws.com:443/npm/ax/@ax/diag-linux-x64/-/diag-linux-x64-0.14.3.tgz#993bd3fdb8a73000f4d0982407d8954ec068594e"
  integrity sha512-gsoDAaOKa/VlkQ0VaOFT8OSJtK/YsdSq6V/eyiIZe99fjVDXGR0gBNh/vLLPPU7fdqs+ET1+W/jxvr3yJe72FQ==
  dependencies:
    "@ax/third-party-licenses-monitor" "0.14.3"

"@ax/diag-win-x64@0.14.3":
  version "0.14.3"
  resolved "https://apax-prod-734703289705.d.codeartifact.eu-central-1.amazonaws.com:443/npm/ax/@ax/diag-win-x64/-/diag-win-x64-0.14.3.tgz#72befce8a7c59abfe7c557868dfc2b032f388b5e"
  integrity sha512-TBr55IMxyBspJJKFZ7NtZJwb1dkiQOgKe9+BGw7cPCWiDVp9BfjQ+raoOg4ZEMRICBlntKT/Y+r0qyGJD0S4mg==
  dependencies:
    "@ax/third-party-licenses-monitor" "0.14.3"

"@ax/diag@0.14.3":
  version "0.14.3"
  resolved "https://apax-prod-734703289705.d.codeartifact.eu-central-1.amazonaws.com:443/npm/ax/@ax/diag/-/diag-0.14.3.tgz#f29c587d5399ab5bb293833fb5b90e430e99d705"
  integrity sha512-y6uBWeSbAf90ZEPW4ogAbM2I+ja8y08CHz4S1DaleNqp9TuC5RKx9sgZWJkkGX3VI3VGm0E56BN3FXSIKLEE6w==
  dependencies:
    "@ax/third-party-licenses-monitor" "0.14.3"
  optionalDependencies:
    "@ax/diag-linux-x64" "0.14.3"
    "@ax/diag-win-x64" "0.14.3"

"@ax/mod-linux-x64@0.14.3":
  version "0.14.3"
  resolved "https://apax-prod-734703289705.d.codeartifact.eu-central-1.amazonaws.com:443/npm/ax/@ax/mod-linux-x64/-/mod-linux-x64-0.14.3.tgz#390f1c108d6160aa523de9d3a60172de9dd17d7a"
  integrity sha512-29+xvgrQ/g/iwagBzBO9ZK0KsaslJvExWg2p0sbHUuT8u6vsfP9Et2QCN55Fi66IrFFfFPUeiGkEzEoYsCQkgQ==
  dependencies:
    "@ax/third-party-licenses-monitor" "0.14.3"

"@ax/mod-win-x64@0.14.3":
  version "0.14.3"
  resolved "https://apax-prod-734703289705.d.codeartifact.eu-central-1.amazonaws.com:443/npm/ax/@ax/mod-win-x64/-/mod-win-x64-0.14.3.tgz#0f6b196aae440336c92abb388b9bb55d71aec0d9"
  integrity sha512-7v04fU4M535VDIHIWIBGHs8eqmCGUSpaVPUJNSFOVxHhFXthxA0ljXS/gxwp6E/+zw883xQzxX8FpNjC1OhX0A==
  dependencies:
    "@ax/third-party-licenses-monitor" "0.14.3"

"@ax/mod@0.14.3":
  version "0.14.3"
  resolved "https://apax-prod-734703289705.d.codeartifact.eu-central-1.amazonaws.com:443/npm/ax/@ax/mod/-/mod-0.14.3.tgz#376ed86c0b4549c73b00c754b58b8965b15eff82"
  integrity sha512-GqSKiRz0zY2KOAifxh2XNPPDT2Pf/KjrY9kooEQiYtVyr87k5XLa8GRp+nlC2F6DG9kAdL5wo20TAOUdwKs75g==
  dependencies:
    "@ax/third-party-licenses-monitor" "0.14.3"
  optionalDependencies:
    "@ax/mod-linux-x64" "0.14.3"
    "@ax/mod-win-x64" "0.14.3"

"@ax/mon-linux-x64@0.14.3":
  version "0.14.3"
  resolved "https://apax-prod-734703289705.d.codeartifact.eu-central-1.amazonaws.com:443/npm/ax/@ax/mon-linux-x64/-/mon-linux-x64-0.14.3.tgz#3f753715de9ffcf33af2a018f90dd57a2c1256d6"
  integrity sha512-8MnDZdRCHxjhZBu3PVNhp4TM0uJ7C/C6CvRNw7qUzl1OFKsaYEVMbRcD+Dbian/5fOwPthbEEENIYSYNN/4DPQ==
  dependencies:
    "@ax/third-party-licenses-monitor" "0.14.3"

"@ax/mon-win-x64@0.14.3":
  version "0.14.3"
  resolved "https://apax-prod-734703289705.d.codeartifact.eu-central-1.amazonaws.com:443/npm/ax/@ax/mon-win-x64/-/mon-win-x64-0.14.3.tgz#4761aefe480cc2dd75ab34b93c6f523b6df72aff"
  integrity sha512-esWjHjL3FBA1oMbRPrlKOh/2iSHDEwu746jxh7qazVfA0nd0bFfB+8yN//c8vq7+O1qLW2wKzni6m6oyWMAlDA==
  dependencies:
    "@ax/third-party-licenses-monitor" "0.14.3"

"@ax/mon@0.14.3":
  version "0.14.3"
  resolved "https://apax-prod-734703289705.d.codeartifact.eu-central-1.amazonaws.com:443/npm/ax/@ax/mon/-/mon-0.14.3.tgz#b6ea364a06027693df07e0b6c9d9d9e7bb8a6061"
  integrity sha512-lwZYr7RltJy4GyB6cZbemOMprQ1MojImmPBuoCx0e5XC5qwvaOM92wHX+DwvVy0t46+Nx8q4jFHhzjYvmlXJaw==
  dependencies:
    "@ax/third-party-licenses-monitor" "0.14.3"
  optionalDependencies:
    "@ax/mon-linux-x64" "0.14.3"
    "@ax/mon-win-x64" "0.14.3"

"@ax/sdb-linux-x64@0.14.3":
  version "0.14.3"
  resolved "https://apax-prod-734703289705.d.codeartifact.eu-central-1.amazonaws.com:443/npm/ax/@ax/sdb-linux-x64/-/sdb-linux-x64-0.14.3.tgz#107a577a1a91306b62f6b11becadbadbbe6c8f98"
  integrity sha512-YAkdet+lbK+s0/G6F+b9pQuBfm5awTpao3iJ8TmfBVFiLSPf64Nrju2n4oCZdc6aRnq0+v7DwUn2s4/z3BczyQ==
  dependencies:
    "@ax/third-party-licenses-monitor" "0.14.3"

"@ax/sdb-win-x64@0.14.3":
  version "0.14.3"
  resolved "https://apax-prod-734703289705.d.codeartifact.eu-central-1.amazonaws.com:443/npm/ax/@ax/sdb-win-x64/-/sdb-win-x64-0.14.3.tgz#13205bc0083bc8d9f190576c9ce5400e37599962"
  integrity sha512-JZuFtdmPzmu1xoxC7WcsbK+d87H8STObO/+j4xUhfP6WcyzBGytYe2RccudMUun87vF4A8YUGxSmLKRgCRlzWA==
  dependencies:
    "@ax/third-party-licenses-monitor" "0.14.3"

"@ax/sdb@0.14.3":
  version "0.14.3"
  resolved "https://apax-prod-734703289705.d.codeartifact.eu-central-1.amazonaws.com:443/npm/ax/@ax/sdb/-/sdb-0.14.3.tgz#20ed74d791d63687a4be2866180ebe6703e3739b"
  integrity sha512-tu3Q9je+bSz+jFVfzj1yG6366p1PIwDab0cFWYu655c/D9INgN+Dg0kMxpfvzyPnAo3ezBib/hbFAWR6A/rI5g==
  dependencies:
    "@ax/third-party-licenses-monitor" "0.14.3"
  optionalDependencies:
    "@ax/sdb-linux-x64" "0.14.3"
    "@ax/sdb-win-x64" "0.14.3"

"@ax/sdk@1.0.63":
  version "1.0.63"
  resolved "https://apax-prod-734703289705.d.codeartifact.eu-central-1.amazonaws.com:443/npm/ax/@ax/sdk/-/sdk-1.0.63.tgz#af0d9d44712d9c2dda67b0f473850cea5787433b"
  integrity sha512-yYQeXqK3Ekam9zATYmag8+cPL1PhZ8lNPE209ATL2pdPh1IaSCIkK1LBKA7kHmhlEvyzaQb46Q2MzRd3Rdq2bA==
  dependencies:
    "@ax/axunit" "1.5.4151"
    "@ax/diag" "0.14.3"
    "@ax/st" "1.0.63"
    "@ax/target-llvm" "2.0.77"
    "@ax/target-mc7plus" "2.0.77"
  optionalDependencies:
    "@ax/mod" "0.14.3"
    "@ax/mon" "0.14.3"
    "@ax/sdb" "0.14.3"
    "@ax/sld" "0.9.0"

"@ax/sld-linux-x64@0.9.0":
  version "0.9.0"
  resolved "https://apax-prod-734703289705.d.codeartifact.eu-central-1.amazonaws.com:443/npm/ax/@ax/sld-linux-x64/-/sld-linux-x64-0.9.0.tgz#cf4b1f2b9133651efaaa32442ed87ee966cac4b5"
  integrity sha512-O7lrlFOD6pTlwmH3DVego59DBcTc0QjjX8XNNyHHye0Jv6o4Kcj3GGJvMYRJrIhj8ZREi6QA6FYDyR1R/XqbIQ==
  dependencies:
    "@ax/third-party-licenses-plc-loader" "0.9.0"

"@ax/sld-win-x64@0.9.0":
  version "0.9.0"
  resolved "https://apax-prod-734703289705.d.codeartifact.eu-central-1.amazonaws.com:443/npm/ax/@ax/sld-win-x64/-/sld-win-x64-0.9.0.tgz#8f4aa220831a764ffea8aa80df345ed15c626d65"
  integrity sha512-HrypJcbp21Ovw+I4KETG809UDpyhyrRKOpDN4lqiTQfV++irU3oaZFHt+ev0NCSfaiEhZ7M4WahRq51dE/9vtQ==
  dependencies:
    "@ax/third-party-licenses-plc-loader" "0.9.0"

"@ax/sld@0.9.0":
  version "0.9.0"
  resolved "https://apax-prod-734703289705.d.codeartifact.eu-central-1.amazonaws.com:443/npm/ax/@ax/sld/-/sld-0.9.0.tgz#9dfba6f954a8a220bf363649b2a6e1e2ac8c1afa"
  integrity sha512-rSu/UJ/+ARRy3YBcrkO1G6o+QORdnXJSwzN6SwAbifPE5jPV4aaP5T0BsjgcFWujBosaBKMuPdv3+X35QUHm8g==
  dependencies:
    "@ax/third-party-licenses-plc-loader" "0.9.0"
  optionalDependencies:
    "@ax/sld-linux-x64" "0.9.0"
    "@ax/sld-win-x64" "0.9.0"

"@ax/st-docs@2.0.77":
  version "2.0.77"
  resolved "https://apax-prod-734703289705.d.codeartifact.eu-central-1.amazonaws.com:443/npm/ax/@ax/st-docs/-/st-docs-2.0.77.tgz#16b72caaaf94087714162a5fade7b689d5da9a4b"
  integrity sha512-TKNOQ6UNbEtfw7Wpe1xP42qW/ZsssTGX5+P/z9T8JlOxCL8y/0PEWW6fdWTVeyBITkkFFmyY79244/qnASdWiQ==
  dependencies:
    "@ax/third-party-licenses-st-compiler" "2.0.77"

"@ax/st@1.0.63":
  version "1.0.63"
  resolved "https://apax-prod-734703289705.d.codeartifact.eu-central-1.amazonaws.com:443/npm/ax/@ax/st/-/st-1.0.63.tgz#4334cce989f010b19ed80f0e2e5afe5b63c1113d"
  integrity sha512-ioHhefT4gSWpNwiDDDF/y6pMjtrC2vJsY7He159kOYMZgDQhare6WBfBjzWE51J5wh13agIGjVac5wt0fZrlxA==
  dependencies:
    "@ax/apax-build" "0.4.1"
    "@ax/stc" "2.0.77"

"@ax/stc-linux-x64@2.0.77":
  version "2.0.77"
  resolved "https://apax-prod-734703289705.d.codeartifact.eu-central-1.amazonaws.com:443/npm/ax/@ax/stc-linux-x64/-/stc-linux-x64-2.0.77.tgz#548929e86991dc4b06c4a9d02dcf47ce6ae4c851"
  integrity sha512-0VE0g4LMNLLR3F/XZC77bJhFlBtiN3H436w6CacBlRawT6Xk60bE8LbaOYUQpOSmoDwdxNVLCA5sO3/sJKYG0Q==
  dependencies:
    "@ax/st-docs" "2.0.77"
    "@ax/third-party-licenses-st-compiler" "2.0.77"

"@ax/stc-win-x64@2.0.77":
  version "2.0.77"
  resolved "https://apax-prod-734703289705.d.codeartifact.eu-central-1.amazonaws.com:443/npm/ax/@ax/stc-win-x64/-/stc-win-x64-2.0.77.tgz#cf48b4588828b53708ce0b241d89487ce9e15733"
  integrity sha512-zlUCE5cfxdha6QxUKbYGnwmJUby5A4VGGO+ipDXBFXVOPBnmF6pnXdpsZyTWoSMrwTcp9RzBncYb2cSaG+h6ow==
  dependencies:
    "@ax/st-docs" "2.0.77"
    "@ax/third-party-licenses-st-compiler" "2.0.77"

"@ax/stc@2.0.77":
  version "2.0.77"
  resolved "https://apax-prod-734703289705.d.codeartifact.eu-central-1.amazonaws.com:443/npm/ax/@ax/stc/-/stc-2.0.77.tgz#46793f5f4a72199c7b81e01a28c4d434dc7cda77"
  integrity sha512-c2jFHuUIcwECLTW7FwJzWhp3UPNKvNHEB+RVQtHHSgk3gICeGhQfwlKs1dVqNBxSzQwbpRX29kF1FhSW9OgxvQ==
  dependencies:
    "@ax/third-party-licenses-st-compiler" "2.0.77"
  optionalDependencies:
    "@ax/stc-linux-x64" "2.0.77"
    "@ax/stc-win-x64" "2.0.77"

"@ax/system-timer@1.0.12":
  version "1.0.12"
  resolved "https://apax-prod-734703289705.d.codeartifact.eu-central-1.amazonaws.com:443/npm/ax/@ax/system-timer/-/system-timer-1.0.12.tgz#7ee8e676894d2c0dcdde85b1b0911417d354c72f"
  integrity sha512-nEZXOAQmPF/fF+OC3tvAXyItWHrD20gaFXvjTV3eAjfyzIMChKnGl+33R+QkYqInqTUcKfyIVVv+BvAurXVgLg==

"@ax/target-axunit@1.5.4151":
  version "1.5.4151"
  resolved "https://apax-prod-734703289705.d.codeartifact.eu-central-1.amazonaws.com:443/npm/ax/@ax/target-axunit/-/target-axunit-1.5.4151.tgz#34951e76e1fb0995d59bce8cdf127c36932a8324"
  integrity sha512-n0gOoGzXWYbGGpgqWFSlZwt6YXgQY8E25hpyUcmDt6TzKG841acsibpzYx4+43GItRJXOC04Qp1EZHk/6V1M6w==

"@ax/target-llvm-linux-x64@2.0.77":
  version "2.0.77"
  resolved "https://apax-prod-734703289705.d.codeartifact.eu-central-1.amazonaws.com:443/npm/ax/@ax/target-llvm-linux-x64/-/target-llvm-linux-x64-2.0.77.tgz#67d0ea92bf49670accc4911f6911a653c5ed3b82"
  integrity sha512-TWiqg2i7eL3NOFCYn+qBa3Rocga9tegTQMSmqhbbFjTyKy6auTyvPGX7spfQS6e5VN7fQKSZY+dWwFOXiUkqdg==
  dependencies:
    "@ax/third-party-licenses-st-compiler" "2.0.77"

"@ax/target-llvm-win-x64@2.0.77":
  version "2.0.77"
  resolved "https://apax-prod-734703289705.d.codeartifact.eu-central-1.amazonaws.com:443/npm/ax/@ax/target-llvm-win-x64/-/target-llvm-win-x64-2.0.77.tgz#8bcbe40d6bf3e96cc14619ed52cd48dbfbbb2054"
  integrity sha512-/fDG8RHMdFuaOBO8aEt2xcwNLpMNjTOM2eVpSgh5BUf/NozpEP6jKkucYqyU6gcrCkq+/4CvYahbE/yaGxB7IA==
  dependencies:
    "@ax/third-party-licenses-st-compiler" "2.0.77"

"@ax/target-llvm@2.0.77":
  version "2.0.77"
  resolved "https://apax-prod-734703289705.d.codeartifact.eu-central-1.amazonaws.com:443/npm/ax/@ax/target-llvm/-/target-llvm-2.0.77.tgz#3c75008937d442e6ab674166b8356ec5a9818842"
  integrity sha512-a4tQRS/x9HQohkwi3OUgvA/kPtwF5vCMdj5zbQO3cvO+oc3hVtEfKM+YUFihmh7eCwYCgYHAmXsBDyFavXRzGw==
  dependencies:
    "@ax/third-party-licenses-st-compiler" "2.0.77"
  optionalDependencies:
    "@ax/target-llvm-linux-x64" "2.0.77"
    "@ax/target-llvm-win-x64" "2.0.77"

"@ax/target-mc7plus-linux-x64@2.0.77":
  version "2.0.77"
  resolved "https://apax-prod-734703289705.d.codeartifact.eu-central-1.amazonaws.com:443/npm/ax/@ax/target-mc7plus-linux-x64/-/target-mc7plus-linux-x64-2.0.77.tgz#387a068722330050fe2bacc0d5b5a9dc30a8aa2d"
  integrity sha512-LiM8BEu4uKLNgN29MiRGmN+RpOWupZzYESPsAiVRNPr+X9Q7HV4yMIpYnpMmT8lHv7+eqrELMOm8RQBjNdXsOA==
  dependencies:
    "@ax/third-party-licenses-st-compiler" "2.0.77"

"@ax/target-mc7plus-win-x64@2.0.77":
  version "2.0.77"
  resolved "https://apax-prod-734703289705.d.codeartifact.eu-central-1.amazonaws.com:443/npm/ax/@ax/target-mc7plus-win-x64/-/target-mc7plus-win-x64-2.0.77.tgz#a5f0af0a73cb452b489df4e70192b2e4601f7eb7"
  integrity sha512-AEbyHBEI9ylwP/7r5+Ofx9nsyR4p72NMFbILLW66dKf2skWpsUoPoRec3SMasgdaUzUn/VoHt6MB6+2oERGHvA==
  dependencies:
    "@ax/third-party-licenses-st-compiler" "2.0.77"

"@ax/target-mc7plus@2.0.77":
  version "2.0.77"
  resolved "https://apax-prod-734703289705.d.codeartifact.eu-central-1.amazonaws.com:443/npm/ax/@ax/target-mc7plus/-/target-mc7plus-2.0.77.tgz#acc88b205cb4f6893fabb638398942214ece82ee"
  integrity sha512-/rkfAZ4tNm4KwpgZ3izevS5HoauN2BI/dWg/WLmto9zEyUQSHJT+VrBZBCtEDXldJb+XiJl8eVn39kJqMCSOXw==
  dependencies:
    "@ax/third-party-licenses-st-compiler" "2.0.77"
  optionalDependencies:
    "@ax/target-mc7plus-linux-x64" "2.0.77"
    "@ax/target-mc7plus-win-x64" "2.0.77"

"@ax/third-party-licenses-apax-build@0.4.1":
  version "0.4.1"
  resolved "https://apax-prod-734703289705.d.codeartifact.eu-central-1.amazonaws.com:443/npm/ax/@ax/third-party-licenses-apax-build/-/third-party-licenses-apax-build-0.4.1.tgz#50a21469262f3fd90da6e3b9af9b44bdaea785ec"
  integrity sha512-/YgYAtdgvpRdwAKfRBcn+/ghDSEkUy6apvVqAbz0BiGseq1L5EhRbe0E2O6aoylo4gykGv0ZvzztJw+sf4Ch7Q==

"@ax/third-party-licenses-build-native@10.0.501":
  version "10.0.501"
  resolved "https://apax-prod-734703289705.d.codeartifact.eu-central-1.amazonaws.com:443/npm/ax/@ax/third-party-licenses-build-native/-/third-party-licenses-build-native-10.0.501.tgz#32574732ff16694aa54ece5f543712bd9b6e05f0"
  integrity sha512-+3jSBG7VnaarKBmu61sWfi3PJE1lZOFKD4WnP5oLQIjZLbsDhA8zeW8okYaBGtvah+pZL+qK+xkPfRdP3AJQSg==

"@ax/third-party-licenses-monitor@0.14.3":
  version "0.14.3"
  resolved "https://apax-prod-734703289705.d.codeartifact.eu-central-1.amazonaws.com:443/npm/ax/@ax/third-party-licenses-monitor/-/third-party-licenses-monitor-0.14.3.tgz#cd025d1f7c455099f02382552e268ea316cca182"
  integrity sha512-1ZmHNMYLbAb21lgFWAtoFdwz3d+ZB2FoJLzXicJO5IKiw8Z0ud6i7D3MQzWGdqMdt574W6Lls+/Ee9n6kjWkVA==

"@ax/third-party-licenses-plc-loader@0.9.0":
  version "0.9.0"
  resolved "https://apax-prod-734703289705.d.codeartifact.eu-central-1.amazonaws.com:443/npm/ax/@ax/third-party-licenses-plc-loader/-/third-party-licenses-plc-loader-0.9.0.tgz#08ddc3316850a45d2edfd2fb68a5f115417d9c12"
  integrity sha512-K25r23C4wRp4ucVhEl67ZQC//sAxTBNA40Q7flJdQvsE8EjlnsjDBLZQ3ErxU/sb8HL7s28s45xtrCgfc0ri4g==

"@ax/third-party-licenses-st-compiler@2.0.77":
  version "2.0.77"
  resolved "https://apax-prod-734703289705.d.codeartifact.eu-central-1.amazonaws.com:443/npm/ax/@ax/third-party-licenses-st-compiler/-/third-party-licenses-st-compiler-2.0.77.tgz#e9fcb75e6226f11b86c1c8879a1cfc7c4fddae30"
  integrity sha512-RsIJqTpbIsqFZtaH40KBOPpEdKD+14f5SpDrl560l3eWIBaid1elY7NYGGDEtqK9GzbJws+in28/XdPOxQQfXA==

"@simatic-ax/collections@0.1.1":
  version "0.1.1"
  resolved "https://npm.pkg.github.com/download/@simatic-ax/collections/0.1.1/1a134107be2cf72cae266ad0925fb1fe371d5e6f4af89d5d6cb804a5eea70fe8#c98dc6b4689d72b1054f3300ce2e400238462eef"
  integrity sha512-lcBhatD2R0qxBcnCUfW9f+C5pHbZyFeYmdR3lyXAcQXLHpgqnXeSPJhSSfjvOR/TPqX7Y8g/BnXJo4MUv08jRQ==

"@simatic-ax/io@0.1.1":
  version "0.1.1"
  resolved "https://npm.pkg.github.com/download/@simatic-ax/io/0.1.1/ecfd2f7ee4d4fe3bc45451ae01b76f28a4b7cf9980cc67b1196988723a40f40b#f9ab9f58e7062f257e573a852d88f50a0a23e946"
  integrity sha512-CoPqx/TzLaNHegEttza1BIpWT51FBcdtK67seug364J1ztjpQ5C0us9YoVfS6lwKzTVDMfvsEF5vbBBsCwgJvQ==
  dependencies:
    "@ax/system-timer" "1.0.12"
    "@simatic-ax/mocks" "0.1.1"

"@simatic-ax/mocks@0.1.1":
  version "0.1.1"
  resolved "https://npm.pkg.github.com/download/@simatic-ax/mocks/0.1.1/ac68cab01ebeabeea6e39e9eb1e2436bceb0ed98e2e92de2d9e870f75c66ac7e#4ecb4f4a89cade6bfca1cdc33eb5a610d0ab4293"
  integrity sha512-P6DmR1gtpUzhvKxQhXJwnIK8RKD3tux+IQS6boaYsIXIb2H2uhNrm/1nwb6EdDu9syiYSVVmrfywuyWh0dNvLQ==
